
Microsoft Visual Studio Solution File, Format Version 12.00
# Visual Studio Version 17
VisualStudioVersion = 17.10.35027.167
MinimumVisualStudioVersion = 10.0.40219.1
Project("{FAE04EC0-301F-11D3-BF4B-00C04F79EFBC}") = "mangaroUI", "mangaroUI.csproj", "{B4ED76C8-6A63-4914-ADBE-17268A4B61EE}"
EndProject
Global
	GlobalSection(SolutionConfigurationPlatforms) = preSolution
		Debug|Any CPU = Debug|Any CPU
		Release|Any CPU = Release|Any CPU
	EndGlobalSection
	GlobalSection(ProjectConfigurationPlatforms) = postSolution
		{B4ED76C8-6A63-4914-ADBE-17268A4B61EE}.Debug|Any CPU.ActiveCfg = Debug|Any CPU
		{B4ED76C8-6A63-4914-ADBE-17268A4B61EE}.Debug|Any CPU.Build.0 = Debug|Any CPU
		{B4ED76C8-6A63-4914-ADBE-17268A4B61EE}.Release|Any CPU.ActiveCfg = Release|Any CPU
		{B4ED76C8-6A63-4914-ADBE-17268A4B61EE}.Release|Any CPU.Build.0 = Release|Any CPU
	EndGlobalSection
	GlobalSection(SolutionProperties) = preSolution
		HideSolutionNode = FALSE
	EndGlobalSection
	GlobalSection(ExtensibilityGlobals) = postSolution
		SolutionGuid = {9A9D4D16-397F-4E76-88F5-B94260D29CAF}
	EndGlobalSection
EndGlobal
